
Microsoft Visual Studio Solution File, Format Version 12.00
# Visual Studio Version 16
VisualStudioVersion = 16.0.30709.132
MinimumVisualStudioVersion = 10.0.40219.1
Project("{9A19103F-16F7-4668-BE54-9A1E7A4F7556}") = "KhaozNet.CV.Web", "KhaozNet.CV.Web\KhaozNet.CV.Web.csproj", "{0DA8C14F-D0DF-4139-8FA9-A74486AC74A7}"
EndProject
Project("{9A19103F-16F7-4668-BE54-9A1E7A4F7556}") = "KhaozNet.CV.Domain", "KhaozNet.CV.Domain\KhaozNet.CV.Domain.csproj", "{8A2EEDB8-1640-4FC6-BCE8-EB4F70151AB6}"
EndProject
Project("{9A19103F-16F7-4668-BE54-9A1E7A4F7556}") = "KhaozNet.CV.ConsoleApp", "KhaozNet.CV.ConsoleApp\KhaozNet.CV.ConsoleApp.csproj", "{8E73E194-8B7B-41ED-B1BE-BD4FC8C18D56}"
EndProject
Project("{FAE04EC0-301F-11D3-BF4B-00C04F79EFBC}") = "KhaozNet.CV.Integration", "KhaozNet.CV.Integration\KhaozNet.CV.Integration.csproj", "{FD81E65D-AEFA-421A-97C1-ED99426B3D28}"
EndProject
Global
	GlobalSection(SolutionConfigurationPlatforms) = preSolution
		Debug|Any CPU = Debug|Any CPU
		Release|Any CPU = Release|Any CPU
	EndGlobalSection
	GlobalSection(ProjectConfigurationPlatforms) = postSolution
		{0DA8C14F-D0DF-4139-8FA9-A74486AC74A7}.Debug|Any CPU.ActiveCfg = Debug|Any CPU
		{0DA8C14F-D0DF-4139-8FA9-A74486AC74A7}.Debug|Any CPU.Build.0 = Debug|Any CPU
		{0DA8C14F-D0DF-4139-8FA9-A74486AC74A7}.Release|Any CPU.ActiveCfg = Release|Any CPU
		{0DA8C14F-D0DF-4139-8FA9-A74486AC74A7}.Release|Any CPU.Build.0 = Release|Any CPU
		{8A2EEDB8-1640-4FC6-BCE8-EB4F70151AB6}.Debug|Any CPU.ActiveCfg = Debug|Any CPU
		{8A2EEDB8-1640-4FC6-BCE8-EB4F70151AB6}.Debug|Any CPU.Build.0 = Debug|Any CPU
		{8A2EEDB8-1640-4FC6-BCE8-EB4F70151AB6}.Release|Any CPU.ActiveCfg = Release|Any CPU
		{8A2EEDB8-1640-4FC6-BCE8-EB4F70151AB6}.Release|Any CPU.Build.0 = Release|Any CPU
		{8E73E194-8B7B-41ED-B1BE-BD4FC8C18D56}.Debug|Any CPU.ActiveCfg = Debug|Any CPU
		{8E73E194-8B7B-41ED-B1BE-BD4FC8C18D56}.Debug|Any CPU.Build.0 = Debug|Any CPU
		{8E73E194-8B7B-41ED-B1BE-BD4FC8C18D56}.Release|Any CPU.ActiveCfg = Release|Any CPU
		{8E73E194-8B7B-41ED-B1BE-BD4FC8C18D56}.Release|Any CPU.Build.0 = Release|Any CPU
		{FD81E65D-AEFA-421A-97C1-ED99426B3D28}.Debug|Any CPU.ActiveCfg = Debug|Any CPU
		{FD81E65D-AEFA-421A-97C1-ED99426B3D28}.Debug|Any CPU.Build.0 = Debug|Any CPU
		{FD81E65D-AEFA-421A-97C1-ED99426B3D28}.Release|Any CPU.ActiveCfg = Release|Any CPU
		{FD81E65D-AEFA-421A-97C1-ED99426B3D28}.Release|Any CPU.Build.0 = Release|Any CPU
	EndGlobalSection
	GlobalSection(SolutionProperties) = preSolution
		HideSolutionNode = FALSE
	EndGlobalSection
	GlobalSection(ExtensibilityGlobals) = postSolution
		SolutionGuid = {665F25A0-502E-4349-97AE-79E0A1FAB834}
	EndGlobalSection
EndGlobal
